schema: '2.0'
stages:
  data_ingestion:
    cmd: python src/LeadGen/pipelines/pip_01_data_ingestion.py
    deps:
    - path: config/data-ingestion.yaml
      hash: md5
      md5: e66e199066513f0d609f88db0f7cd0a3
      size: 313
    - path: src/LeadGen/pipelines/pip_01_data_ingestion.py
      hash: md5
      md5: 7eaae0b23c4df11cf94216bad2c5879e
      size: 1318
    outs:
    - path: artifacts/data_ingestion/data-ingestion-metadata.json
      hash: md5
      md5: 4eb3a62fb53d6186c2d522f2e0e44075
      size: 251
    - path: artifacts/data_ingestion/lead.csv
      hash: md5
      md5: 97dfe4e23c2353eee5ec511b63aea254
      size: 2430556
  data_validation:
    cmd: python src/LeadGen/pipelines/pip_02_data_validation.py
    deps:
    - path: config/data-validation.yaml
      hash: md5
      md5: aeb6cbb68a34c95c89a4d8c0fb2089c4
      size: 1437
    - path: src/LeadGen/pipelines/pip_02_data_validation.py
      hash: md5
      md5: 260771c2ba11b30c5348a8bfa1a5d3e0
      size: 1443
    outs:
    - path: artifacts/data_validation/status.json
      hash: md5
      md5: 600476ed9deea5b977b69f00711e48ee
      size: 145
  model_training:
    cmd: python src/LeadGen/pipelines/pip_04_model_trainer.py
    deps:
    - path: config/model-params.yaml
      hash: md5
      md5: 94238682b3be41b43f28222c08814748
      size: 219
    - path: config/model-trainer.yaml
      hash: md5
      md5: 38647f989212c0a91caaa1ee9301a69d
      size: 508
    - path: src/LeadGen/pipelines/pip_04_model_trainer.py
      hash: md5
      md5: 7c941e558b857e79748378776715df16
      size: 1029
    outs:
    - path: artifacts/model_trainer/model_epoch_1.pt
      hash: md5
      md5: c9e7302389fe24f1e6fcd0a0b5411ade
      size: 5124
    - path: artifacts/model_trainer/model_epoch_10.pt
      hash: md5
      md5: e428db226055d70cd91e077b2e213169
      size: 5134
    - path: artifacts/model_trainer/model_epoch_11.pt
      hash: md5
      md5: 133bd3d4e569f94e585245f34026752e
      size: 5134
    - path: artifacts/model_trainer/model_epoch_12.pt
      hash: md5
      md5: cb32d0225ba45d01684882e701e7fb12
      size: 5134
    - path: artifacts/model_trainer/model_epoch_13.pt
      hash: md5
      md5: d7236b5d1c9719e9bfbf85deb78076e2
      size: 5134
    - path: artifacts/model_trainer/model_epoch_14.pt
      hash: md5
      md5: 78ea9207e66eaca88716a9f6fb82b7a1
      size: 5134
    - path: artifacts/model_trainer/model_epoch_15.pt
      hash: md5
      md5: 12f6469704efe28c80f591f10b0103b4
      size: 5134
    - path: artifacts/model_trainer/model_epoch_2.pt
      hash: md5
      md5: d1136ccbfb9000b4c92b67c01c3d2ecd
      size: 5124
    - path: artifacts/model_trainer/model_epoch_3.pt
      hash: md5
      md5: 593a8c2a7e7bde19e191c219a9bd72ff
      size: 5124
    - path: artifacts/model_trainer/model_epoch_4.pt
      hash: md5
      md5: 0bb32e1e5ebe742f10e21bed79566f0b
      size: 5124
    - path: artifacts/model_trainer/model_epoch_5.pt
      hash: md5
      md5: dd9619acc643f6e7a98c5177d07a2c75
      size: 5124
    - path: artifacts/model_trainer/model_epoch_6.pt
      hash: md5
      md5: 5a757fac536cbac72d2c66f7d3e6db77
      size: 5124
    - path: artifacts/model_trainer/model_epoch_7.pt
      hash: md5
      md5: 48fc52ebb58dc44cd1d279efe364342b
      size: 5124
    - path: artifacts/model_trainer/model_epoch_8.pt
      hash: md5
      md5: 763d1c460facd61d04363467a8d48a84
      size: 5124
    - path: artifacts/model_trainer/model_epoch_9.pt
      hash: md5
      md5: 1094883e4ff0beb7d9ca122fa0d3dcad
      size: 5124
    - path: artifacts/model_trainer/train-val-loss.json
      hash: md5
      md5: bfbdc54d8b0a58864a1bd69545e73904
      size: 1887
    - path: artifacts/model_trainer/training_validation_metrics.png
      hash: md5
      md5: fbb77ea0236181d57ea1fa0f4a8b349c
      size: 52437
  model_evaluation:
    cmd: python src/LeadGen/pipelines/pip_05_model_evaluation.py
    deps:
    - path: config/model-evaluation.yaml
      hash: md5
      md5: 858ccc090a6ddcea45177e4d8aa00749
      size: 858
    - path: config/model-params.yaml
      hash: md5
      md5: 94238682b3be41b43f28222c08814748
      size: 219
    - path: src/LeadGen/pipelines/pip_05_model_evaluation.py
      hash: md5
      md5: 4931b612e505898caf35f4cf01dd5623
      size: 1146
    outs:
    - path: artifacts/model_evaluation/classification_rep.png
      hash: md5
      md5: 93dd72c23400aecaf510a91e54238d2a
      size: 85001
    - path: artifacts/model_evaluation/classification_rep.txt
      hash: md5
      md5: 2cd68538aab9c639342abd6530a1cea7
      size: 334
    - path: artifacts/model_evaluation/confusion_matrix.png
      hash: md5
      md5: 8ac87e7c23149bbc8003dc1b94e75560
      size: 19806
    - path: artifacts/model_evaluation/confusion_matrix_rep.txt
      hash: md5
      md5: 14c22713261319dff47a2f6a6df7aecc
      size: 23
    - path: artifacts/model_evaluation/metrics.json
      hash: md5
      md5: 61268282cd941943c0b8799e16545a91
      size: 74
    - path: artifacts/model_evaluation/pr_auc.png
      hash: md5
      md5: 214bb230d770ef95ef796df9757e693d
      size: 22724
    - path: artifacts/model_evaluation/roc_auc.png
      hash: md5
      md5: ca844d9938a950d020b110a6b7428021
      size: 29593
