schema: '2.0'
stages:
  data_ingestion:
    cmd: python src\LeadGen\pipelines\pip_01_data_ingestion.py
    deps:
    - path: config\data-ingestion.yaml
      hash: md5
      md5: e66e199066513f0d609f88db0f7cd0a3
      size: 313
    - path: src\LeadGen\pipelines\pip_01_data_ingestion.py
      hash: md5
      md5: 7eaae0b23c4df11cf94216bad2c5879e
      size: 1318
    outs:
    - path: artifacts\data_ingestion\data-ingestion-metadata.json
      hash: md5
      md5: 563a0b74aa2183caae6178fa9607978b
      size: 250
    - path: artifacts\data_ingestion\lead.csv
      hash: md5
      md5: 97dfe4e23c2353eee5ec511b63aea254
      size: 2430556
